
Microsoft Visual Studio Solution File, Format Version 12.00
# Visual Studio Version 16
VisualStudioVersion = 16.0.30907.101
MinimumVisualStudioVersion = 10.0.40219.1
Project("{2150E333-8FDC-42A3-9474-1A3956D46DE8}") = "src", "src", "{4EC407B4-3CBC-4CEC-BD3F-0E3D872B254A}"
EndProject
Project("{2150E333-8FDC-42A3-9474-1A3956D46DE8}") = "Infrastructure", "Infrastructure", "{07D43FA6-3C8D-4125-B59D-0FF661B78736}"
EndProject
Project("{2150E333-8FDC-42A3-9474-1A3956D46DE8}") = "Presentation", "Presentation", "{C86DEE9E-251E-4A09-A469-4F02F6A2826D}"
EndProject
Project("{2150E333-8FDC-42A3-9474-1A3956D46DE8}") = "Core", "Core", "{802FEFCF-98DB-4F89-A5CC-E0FCBF177C39}"
EndProject
Project("{9A19103F-16F7-4668-BE54-9A1E7A4F7556}") = "RCG.Domain", "RCG.Domain\RCG.Domain.csproj", "{51A3F30E-59F4-4B2B-BC90-45C390C85A7C}"
EndProject
Project("{9A19103F-16F7-4668-BE54-9A1E7A4F7556}") = "RCG.WPF", "RCG.WPF\RCG.WPF.csproj", "{DB77663A-A958-4E06-841E-7CA92364AFEA}"
EndProject
Project("{9A19103F-16F7-4668-BE54-9A1E7A4F7556}") = "RCG.Data", "RCG.Data\RCG.Data.csproj", "{1F8D3CA2-B1DA-4288-950F-C673B09027D2}"
EndProject
Project("{9A19103F-16F7-4668-BE54-9A1E7A4F7556}") = "RCG.CoreApp", "RCG.CoreApp\RCG.CoreApp.csproj", "{97F21FDA-96E1-48BB-8BC9-AAA14C6BC959}"
EndProject
Global
	GlobalSection(SolutionConfigurationPlatforms) = preSolution
		Debug|Any CPU = Debug|Any CPU
		Release|Any CPU = Release|Any CPU
	EndGlobalSection
	GlobalSection(ProjectConfigurationPlatforms) = postSolution
		{51A3F30E-59F4-4B2B-BC90-45C390C85A7C}.Debug|Any CPU.ActiveCfg = Debug|Any CPU
		{51A3F30E-59F4-4B2B-BC90-45C390C85A7C}.Debug|Any CPU.Build.0 = Debug|Any CPU
		{51A3F30E-59F4-4B2B-BC90-45C390C85A7C}.Release|Any CPU.ActiveCfg = Release|Any CPU
		{51A3F30E-59F4-4B2B-BC90-45C390C85A7C}.Release|Any CPU.Build.0 = Release|Any CPU
		{DB77663A-A958-4E06-841E-7CA92364AFEA}.Debug|Any CPU.ActiveCfg = Debug|Any CPU
		{DB77663A-A958-4E06-841E-7CA92364AFEA}.Debug|Any CPU.Build.0 = Debug|Any CPU
		{DB77663A-A958-4E06-841E-7CA92364AFEA}.Release|Any CPU.ActiveCfg = Release|Any CPU
		{DB77663A-A958-4E06-841E-7CA92364AFEA}.Release|Any CPU.Build.0 = Release|Any CPU
		{1F8D3CA2-B1DA-4288-950F-C673B09027D2}.Debug|Any CPU.ActiveCfg = Debug|Any CPU
		{1F8D3CA2-B1DA-4288-950F-C673B09027D2}.Debug|Any CPU.Build.0 = Debug|Any CPU
		{1F8D3CA2-B1DA-4288-950F-C673B09027D2}.Release|Any CPU.ActiveCfg = Release|Any CPU
		{1F8D3CA2-B1DA-4288-950F-C673B09027D2}.Release|Any CPU.Build.0 = Release|Any CPU
		{97F21FDA-96E1-48BB-8BC9-AAA14C6BC959}.Debug|Any CPU.ActiveCfg = Debug|Any CPU
		{97F21FDA-96E1-48BB-8BC9-AAA14C6BC959}.Debug|Any CPU.Build.0 = Debug|Any CPU
		{97F21FDA-96E1-48BB-8BC9-AAA14C6BC959}.Release|Any CPU.ActiveCfg = Release|Any CPU
		{97F21FDA-96E1-48BB-8BC9-AAA14C6BC959}.Release|Any CPU.Build.0 = Release|Any CPU
	EndGlobalSection
	GlobalSection(SolutionProperties) = preSolution
		HideSolutionNode = FALSE
	EndGlobalSection
	GlobalSection(NestedProjects) = preSolution
		{07D43FA6-3C8D-4125-B59D-0FF661B78736} = {4EC407B4-3CBC-4CEC-BD3F-0E3D872B254A}
		{C86DEE9E-251E-4A09-A469-4F02F6A2826D} = {4EC407B4-3CBC-4CEC-BD3F-0E3D872B254A}
		{802FEFCF-98DB-4F89-A5CC-E0FCBF177C39} = {4EC407B4-3CBC-4CEC-BD3F-0E3D872B254A}
		{51A3F30E-59F4-4B2B-BC90-45C390C85A7C} = {802FEFCF-98DB-4F89-A5CC-E0FCBF177C39}
		{DB77663A-A958-4E06-841E-7CA92364AFEA} = {C86DEE9E-251E-4A09-A469-4F02F6A2826D}
		{1F8D3CA2-B1DA-4288-950F-C673B09027D2} = {07D43FA6-3C8D-4125-B59D-0FF661B78736}
		{97F21FDA-96E1-48BB-8BC9-AAA14C6BC959} = {802FEFCF-98DB-4F89-A5CC-E0FCBF177C39}
	EndGlobalSection
	GlobalSection(ExtensibilityGlobals) = postSolution
		SolutionGuid = {8C9BC056-ACCD-4077-8061-A20F92770A7C}
	EndGlobalSection
EndGlobal
